
Microsoft Visual Studio Solution File, Format Version 10.00
# Visual Studio 2008
Project("{FAE04EC0-301F-11D3-BF4B-00C04F79EFBC}") = "SyndicateNet", "SyndicateNet\SyndicateNet.csproj", "{95DDA743-8CF8-4358-8C0B-374A9573949E}"
EndProject
Global
	GlobalSection(SolutionConfigurationPlatforms) = preSolution
		Debug|Any CPU = Debug|Any CPU
		Release|Any CPU = Release|Any CPU
	EndGlobalSection
	GlobalSection(ProjectConfigurationPlatforms) = postSolution
		{95DDA743-8CF8-4358-8C0B-374A9573949E}.Debug|Any CPU.ActiveCfg = Debug|Any CPU
		{95DDA743-8CF8-4358-8C0B-374A9573949E}.Debug|Any CPU.Build.0 = Debug|Any CPU
		{95DDA743-8CF8-4358-8C0B-374A9573949E}.Release|Any CPU.ActiveCfg = Release|Any CPU
		{95DDA743-8CF8-4358-8C0B-374A9573949E}.Release|Any CPU.Build.0 = Release|Any CPU
	EndGlobalSection
	GlobalSection(SolutionProperties) = preSolution
		HideSolutionNode = FALSE
	EndGlobalSection
EndGlobal
